// !$*UTF8*$!
{
	archiveVersion = 1;
	classes = {
	};
	objectVersion = 46;
	objects = {

/* Begin PBXBuildFile section */
		8664321415E450D800F53138 /* burn.png in Resources */ = {isa = PBXBuildFile; fileRef = 866431FB15E450D800F53138 /* burn.png */; };
		8664321515E450D800F53138 /* burn@2x.png in Resources */ = {isa = PBXBuildFile; fileRef = 866431FC15E450D800F53138 /* burn@2x.png */; };
		8664321615E450D800F53138 /* barbarian-selected.png in Resources */ = {isa = PBXBuildFile; fileRef = 866431FE15E450D800F53138 /* barbarian-selected.png */; };
		8664321715E450D800F53138 /* barbarian-selected@2x.png in Resources */ = {isa = PBXBuildFile; fileRef = 866431FF15E450D800F53138 /* barbarian-selected@2x.png */; };
		8664321815E450D800F53138 /* barbarian.png in Resources */ = {isa = PBXBuildFile; fileRef = 8664320015E450D800F53138 /* barbarian.png */; };
		8664321915E450D800F53138 /* barbarian@2x.png in Resources */ = {isa = PBXBuildFile; fileRef = 8664320115E450D800F53138 /* barbarian@2x.png */; };
		8664321A15E450D800F53138 /* demon-hunter-selected.png in Resources */ = {isa = PBXBuildFile; fileRef = 8664320215E450D800F53138 /* demon-hunter-selected.png */; };
		8664321B15E450D800F53138 /* demon-hunter-selected@2x.png in Resources */ = {isa = PBXBuildFile; fileRef = 8664320315E450D800F53138 /* demon-hunter-selected@2x.png */; };
		8664321C15E450D800F53138 /* demon-hunter.png in Resources */ = {isa = PBXBuildFile; fileRef = 8664320415E450D800F53138 /* demon-hunter.png */; };
		8664321D15E450D800F53138 /* demon-hunter@2x.png in Resources */ = {isa = PBXBuildFile; fileRef = 8664320515E450D800F53138 /* demon-hunter@2x.png */; };
		8664321E15E450D800F53138 /* monk-selected.png in Resources */ = {isa = PBXBuildFile; fileRef = 8664320615E450D800F53138 /* monk-selected.png */; };
		8664321F15E450D800F53138 /* monk-selected@2x.png in Resources */ = {isa = PBXBuildFile; fileRef = 8664320715E450D800F53138 /* monk-selected@2x.png */; };
		8664322015E450D800F53138 /* monk.png in Resources */ = {isa = PBXBuildFile; fileRef = 8664320815E450D800F53138 /* monk.png */; };
		8664322115E450D800F53138 /* monk@2x.png in Resources */ = {isa = PBXBuildFile; fileRef = 8664320915E450D800F53138 /* monk@2x.png */; };
		8664322215E450D800F53138 /* witch-doctor-selected.png in Resources */ = {isa = PBXBuildFile; fileRef = 8664320A15E450D800F53138 /* witch-doctor-selected.png */; };
		8664322315E450D800F53138 /* witch-doctor-selected@2x.png in Resources */ = {isa = PBXBuildFile; fileRef = 8664320B15E450D800F53138 /* witch-doctor-selected@2x.png */; };
		8664322415E450D800F53138 /* witch-doctor.png in Resources */ = {isa = PBXBuildFile; fileRef = 8664320C15E450D800F53138 /* witch-doctor.png */; };
		8664322515E450D800F53138 /* witch-doctor@2x.png in Resources */ = {isa = PBXBuildFile; fileRef = 8664320D15E450D800F53138 /* witch-doctor@2x.png */; };
		8664322615E450D800F53138 /* wizard-selected.png in Resources */ = {isa = PBXBuildFile; fileRef = 8664320E15E450D800F53138 /* wizard-selected.png */; };
		8664322715E450D800F53138 /* wizard-selected@2x.png in Resources */ = {isa = PBXBuildFile; fileRef = 8664320F15E450D800F53138 /* wizard-selected@2x.png */; };
		8664322815E450D800F53138 /* wizard.png in Resources */ = {isa = PBXBuildFile; fileRef = 8664321015E450D800F53138 /* wizard.png */; };
		8664322915E450D800F53138 /* wizard@2x.png in Resources */ = {isa = PBXBuildFile; fileRef = 8664321115E450D800F53138 /* wizard@2x.png */; };
		8664322A15E450D800F53138 /* rune.png in Resources */ = {isa = PBXBuildFile; fileRef = 8664321215E450D800F53138 /* rune.png */; };
		8664322B15E450D800F53138 /* rune@2x.png in Resources */ = {isa = PBXBuildFile; fileRef = 8664321315E450D800F53138 /* rune@2x.png */; };
		8675D70515E520520006B42F /* D3LogoutCell.m in Sources */ = {isa = PBXBuildFile; fileRef = 8675D70415E520520006B42F /* D3LogoutCell.m */; };
		86A2269215E462F900971A53 /* texture.png in Resources */ = {isa = PBXBuildFile; fileRef = 86A2269015E462F900971A53 /* texture.png */; };
		86A2269315E462F900971A53 /* texture@2x.png in Resources */ = {isa = PBXBuildFile; fileRef = 86A2269115E462F900971A53 /* texture@2x.png */; };
		86A2269A15E4666300971A53 /* D3TexturedView.m in Sources */ = {isa = PBXBuildFile; fileRef = 86A2269915E4666300971A53 /* D3TexturedView.m */; };
		86A226A015E48FC900971A53 /* off.png in Resources */ = {isa = PBXBuildFile; fileRef = 86A2269E15E48FC900971A53 /* off.png */; };
		86A226A115E48FC900971A53 /* off@2x.png in Resources */ = {isa = PBXBuildFile; fileRef = 86A2269F15E48FC900971A53 /* off@2x.png */; };
		86A226A415E492F100971A53 /* block-shadow.png in Resources */ = {isa = PBXBuildFile; fileRef = 86A226A215E492F100971A53 /* block-shadow.png */; };
		86A226A515E492F100971A53 /* block-shadow@2x.png in Resources */ = {isa = PBXBuildFile; fileRef = 86A226A315E492F100971A53 /* block-shadow@2x.png */; };
		943A123915E1B13400F03406 /* D3SkillDetailViewController.m in Sources */ = {isa = PBXBuildFile; fileRef = 943A123815E1B13400F03406 /* D3SkillDetailViewController.m */; };
		943A124115E1C8FA00F03406 /* D3StatsViewController.m in Sources */ = {isa = PBXBuildFile; fileRef = 943A124015E1C8FA00F03406 /* D3StatsViewController.m */; };
		9444D3E415DBF3F40098CFE6 /* D3HTTPClient.m in Sources */ = {isa = PBXBuildFile; fileRef = 9444D3C615DBED120098CFE6 /* D3HTTPClient.m */; };
		9444D3F815DBF5D90098CFE6 /* SenTestingKit.framework in Frameworks */ = {isa = PBXBuildFile; fileRef = 9444D3F715DBF5D90098CFE6 /* SenTestingKit.framework */; };
		9444D3F915DBF5D90098CFE6 /* UIKit.framework in Frameworks */ = {isa = PBXBuildFile; fileRef = 94EF72C415DBD556008161FE /* UIKit.framework */; };
		9444D3FA15DBF5D90098CFE6 /* Foundation.framework in Frameworks */ = {isa = PBXBuildFile; fileRef = 94EF72C615DBD556008161FE /* Foundation.framework */; };
		9444D40015DBF5D90098CFE6 /* InfoPlist.strings in Resources */ = {isa = PBXBuildFile; fileRef = 9444D3FE15DBF5D90098CFE6 /* InfoPlist.strings */; };
		9444D40315DBF5D90098CFE6 /* Profiles_Tests.m in Sources */ = {isa = PBXBuildFile; fileRef = 9444D40215DBF5D90098CFE6 /* Profiles_Tests.m */; };
		9447C1B915E03C600084BE3F /* Exocet.ttf in Resources */ = {isa = PBXBuildFile; fileRef = 9447C1B715E03C600084BE3F /* Exocet.ttf */; };
		9447C1BA15E03C600084BE3F /* ExocetBold.ttf in Resources */ = {isa = PBXBuildFile; fileRef = 9447C1B815E03C600084BE3F /* ExocetBold.ttf */; };
		9447C1C215E03CD50084BE3F /* D3Theme.m in Sources */ = {isa = PBXBuildFile; fileRef = 9447C1C115E03CD50084BE3F /* D3Theme.m */; };
		9447C1C515E03D970084BE3F /* UILabel+AutoSize.m in Sources */ = {isa = PBXBuildFile; fileRef = 9447C1C415E03D970084BE3F /* UILabel+AutoSize.m */; };
		9447C1C815E0787C0084BE3F /* D3CardViewController.m in Sources */ = {isa = PBXBuildFile; fileRef = 9447C1C715E0787C0084BE3F /* D3CardViewController.m */; };
		9447C1CB15E07E5B0084BE3F /* D3SkillsViewController.m in Sources */ = {isa = PBXBuildFile; fileRef = 9447C1CA15E07E5B0084BE3F /* D3SkillsViewController.m */; };
		9447C1D215E0803C0084BE3F /* D3SkillButton.m in Sources */ = {isa = PBXBuildFile; fileRef = 9447C1D115E0803C0084BE3F /* D3SkillButton.m */; };
		944C194A15DDD93400B57C52 /* D3ItemViewController.m in Sources */ = {isa = PBXBuildFile; fileRef = 944C194915DDD93400B57C52 /* D3ItemViewController.m */; };
		944C195115DE8D3200B57C52 /* D3ViewController.m in Sources */ = {isa = PBXBuildFile; fileRef = 944C195015DE8D3200B57C52 /* D3ViewController.m */; };
		944C195415DE999C00B57C52 /* D3Object.m in Sources */ = {isa = PBXBuildFile; fileRef = 944C195315DE999C00B57C52 /* D3Object.m */; };
		944F2C1915DC3AE400D5C08A /* D3RuneEmitterView.m in Sources */ = {isa = PBXBuildFile; fileRef = 944F2C1815DC3AE400D5C08A /* D3RuneEmitterView.m */; };
		944F2C2815DC3E8D00D5C08A /* D3HeroCell.m in Sources */ = {isa = PBXBuildFile; fileRef = 944F2C2715DC3E8D00D5C08A /* D3HeroCell.m */; };
		945E334315DBDFE500F41270 /* D3Artisan.m in Sources */ = {isa = PBXBuildFile; fileRef = 945E333615DBDFBF00F41270 /* D3Artisan.m */; };
		945E334415DBDFE500F41270 /* D3Career.m in Sources */ = {isa = PBXBuildFile; fileRef = 945E333815DBDFBF00F41270 /* D3Career.m */; };
		945E334515DBDFE500F41270 /* D3Follower.m in Sources */ = {isa = PBXBuildFile; fileRef = 945E333A15DBDFBF00F41270 /* D3Follower.m */; };
		945E334615DBDFE500F41270 /* D3Hero.m in Sources */ = {isa = PBXBuildFile; fileRef = 945E333C15DBDFBF00F41270 /* D3Hero.m */; };
		945E334715DBDFE500F41270 /* D3Item.m in Sources */ = {isa = PBXBuildFile; fileRef = 945E333E15DBDFBF00F41270 /* D3Item.m */; };
		945E334815DBDFE500F41270 /* D3Rune.m in Sources */ = {isa = PBXBuildFile; fileRef = 945E334015DBDFBF00F41270 /* D3Rune.m */; };
		945E334915DBDFE500F41270 /* D3Skill.m in Sources */ = {isa = PBXBuildFile; fileRef = 945E334215DBDFBF00F41270 /* D3Skill.m */; };
		9483F35B15DC90390065E2C1 /* D3HeroViewController.m in Sources */ = {isa = PBXBuildFile; fileRef = 9483F35A15DC90390065E2C1 /* D3HeroViewController.m */; };
		9483F36215DC9A050065E2C1 /* D3ItemButton.m in Sources */ = {isa = PBXBuildFile; fileRef = 9483F36115DC9A050065E2C1 /* D3ItemButton.m */; };
		94AB663115DD4E8500E285EA /* UIApplication+AppDimensions.m in Sources */ = {isa = PBXBuildFile; fileRef = 94AB663015DD4E8500E285EA /* UIApplication+AppDimensions.m */; };
		94ECD44615DC0300008A8BEB /* TestSemaphor.m in Sources */ = {isa = PBXBuildFile; fileRef = 94ECD44515DC0300008A8BEB /* TestSemaphor.m */; };
		94ECD48515DC0A4E008A8BEB /* PSStackedViewController.m in Sources */ = {isa = PBXBuildFile; fileRef = 94ECD47915DC0A4E008A8BEB /* PSStackedViewController.m */; };
		94ECD48615DC0A4E008A8BEB /* PSStackedViewGlobal.m in Sources */ = {isa = PBXBuildFile; fileRef = 94ECD47C15DC0A4E008A8BEB /* PSStackedViewGlobal.m */; };
		94ECD48715DC0A4E008A8BEB /* PSStackedViewSegue.m in Sources */ = {isa = PBXBuildFile; fileRef = 94ECD47E15DC0A4E008A8BEB /* PSStackedViewSegue.m */; };
		94ECD48815DC0A4E008A8BEB /* PSSVContainerView.m in Sources */ = {isa = PBXBuildFile; fileRef = 94ECD48015DC0A4E008A8BEB /* PSSVContainerView.m */; };
		94ECD48915DC0A4E008A8BEB /* UIView+PSSizes.m in Sources */ = {isa = PBXBuildFile; fileRef = 94ECD48215DC0A4E008A8BEB /* UIView+PSSizes.m */; };
		94ECD48A15DC0A4E008A8BEB /* UIViewController+PSStackedView.m in Sources */ = {isa = PBXBuildFile; fileRef = 94ECD48415DC0A4E008A8BEB /* UIViewController+PSStackedView.m */; };
		94ECD49115DC0B25008A8BEB /* D3HeroMenuControllerViewController.m in Sources */ = {isa = PBXBuildFile; fileRef = 94ECD49015DC0B25008A8BEB /* D3HeroMenuControllerViewController.m */; };
		94ECD49515DC1B1E008A8BEB /* D3AccountView.m in Sources */ = {isa = PBXBuildFile; fileRef = 94ECD49415DC1B1E008A8BEB /* D3AccountView.m */; };
		94EF72C515DBD556008161FE /* UIKit.framework in Frameworks */ = {isa = PBXBuildFile; fileRef = 94EF72C415DBD556008161FE /* UIKit.framework */; };
		94EF72C715DBD556008161FE /* Foundation.framework in Frameworks */ = {isa = PBXBuildFile; fileRef = 94EF72C615DBD556008161FE /* Foundation.framework */; };
		94EF72C915DBD556008161FE /* CoreGraphics.framework in Frameworks */ = {isa = PBXBuildFile; fileRef = 94EF72C815DBD556008161FE /* CoreGraphics.framework */; };
		94EF730015DBD614008161FE /* QuartzCore.framework in Frameworks */ = {isa = PBXBuildFile; fileRef = 94EF72FF15DBD614008161FE /* QuartzCore.framework */; };
		94EF733E15DBD954008161FE /* AFHTTPClient.m in Sources */ = {isa = PBXBuildFile; fileRef = 94EF732A15DBD954008161FE /* AFHTTPClient.m */; settings = {COMPILER_FLAGS = "-fno-objc-arc"; }; };
		94EF733F15DBD954008161FE /* AFHTTPRequestOperation.m in Sources */ = {isa = PBXBuildFile; fileRef = 94EF732C15DBD954008161FE /* AFHTTPRequestOperation.m */; settings = {COMPILER_FLAGS = "-fno-objc-arc"; }; };
		94EF734015DBD954008161FE /* AFImageRequestOperation.m in Sources */ = {isa = PBXBuildFile; fileRef = 94EF732E15DBD954008161FE /* AFImageRequestOperation.m */; settings = {COMPILER_FLAGS = "-fno-objc-arc"; }; };
		94EF734115DBD954008161FE /* AFJSONRequestOperation.m in Sources */ = {isa = PBXBuildFile; fileRef = 94EF733015DBD954008161FE /* AFJSONRequestOperation.m */; settings = {COMPILER_FLAGS = "-fno-objc-arc"; }; };
		94EF734215DBD954008161FE /* AFJSONUtilities.m in Sources */ = {isa = PBXBuildFile; fileRef = 94EF733215DBD954008161FE /* AFJSONUtilities.m */; settings = {COMPILER_FLAGS = "-fno-objc-arc"; }; };
		94EF734315DBD954008161FE /* AFNetworkActivityIndicatorManager.m in Sources */ = {isa = PBXBuildFile; fileRef = 94EF733415DBD954008161FE /* AFNetworkActivityIndicatorManager.m */; settings = {COMPILER_FLAGS = "-fno-objc-arc"; }; };
		94EF734415DBD954008161FE /* AFPropertyListRequestOperation.m in Sources */ = {isa = PBXBuildFile; fileRef = 94EF733715DBD954008161FE /* AFPropertyListRequestOperation.m */; settings = {COMPILER_FLAGS = "-fno-objc-arc"; }; };
		94EF734515DBD954008161FE /* AFURLConnectionOperation.m in Sources */ = {isa = PBXBuildFile; fileRef = 94EF733915DBD954008161FE /* AFURLConnectionOperation.m */; settings = {COMPILER_FLAGS = "-fno-objc-arc"; }; };
		94EF734615DBD954008161FE /* AFXMLRequestOperation.m in Sources */ = {isa = PBXBuildFile; fileRef = 94EF733B15DBD954008161FE /* AFXMLRequestOperation.m */; settings = {COMPILER_FLAGS = "-fno-objc-arc"; }; };
		94EF734715DBD954008161FE /* UIImageView+AFNetworking.m in Sources */ = {isa = PBXBuildFile; fileRef = 94EF733D15DBD954008161FE /* UIImageView+AFNetworking.m */; settings = {COMPILER_FLAGS = "-fno-objc-arc"; }; };
		94EF734E15DBD99A008161FE /* InfoPlist.strings in Resources */ = {isa = PBXBuildFile; fileRef = 94EF734C15DBD99A008161FE /* InfoPlist.strings */; };
		94EF735815DBDA61008161FE /* AppDelegate.m in Sources */ = {isa = PBXBuildFile; fileRef = 94EF732515DBD920008161FE /* AppDelegate.m */; };
		94EF735915DBDA63008161FE /* D3Defines.m in Sources */ = {isa = PBXBuildFile; fileRef = 94EF735215DBD9AE008161FE /* D3Defines.m */; };
		94EF735A15DBDA6F008161FE /* main.m in Sources */ = {isa = PBXBuildFile; fileRef = 94EF734F15DBD9A5008161FE /* main.m */; };
/* End PBXBuildFile section */

/* Begin PBXContainerItemProxy section */
		9444D40815DBF6150098CFE6 /* PBXContainerItemProxy */ = {
			isa = PBXContainerItemProxy;
			containerPortal = 94EF72B715DBD556008161FE /* Project object */;
			proxyType = 1;
			remoteGlobalIDString = 94EF72BF15DBD556008161FE;
			remoteInfo = "Profiles for Diablo 3";
		};
/* End PBXContainerItemProxy section */

/* Begin PBXFileReference section */
		866431FB15E450D800F53138 /* burn.png */ = {isa = PBXFileReference; lastKnownFileType = image.png; path = burn.png; sourceTree = "<group>"; };
		866431FC15E450D800F53138 /* burn@2x.png */ = {isa = PBXFileReference; lastKnownFileType = image.png; path = "burn@2x.png"; sourceTree = "<group>"; };
		866431FE15E450D800F53138 /* barbarian-selected.png */ = {isa = PBXFileReference; lastKnownFileType = image.png; path = "barbarian-selected.png"; sourceTree = "<group>"; };
		866431FF15E450D800F53138 /* barbarian-selected@2x.png */ = {isa = PBXFileReference; lastKnownFileType = image.png; path = "barbarian-selected@2x.png"; sourceTree = "<group>"; };
		8664320015E450D800F53138 /* barbarian.png */ = {isa = PBXFileReference; lastKnownFileType = image.png; path = barbarian.png; sourceTree = "<group>"; };
		8664320115E450D800F53138 /* barbarian@2x.png */ = {isa = PBXFileReference; lastKnownFileType = image.png; path = "barbarian@2x.png"; sourceTree = "<group>"; };
		8664320215E450D800F53138 /* demon-hunter-selected.png */ = {isa = PBXFileReference; lastKnownFileType = image.png; path = "demon-hunter-selected.png"; sourceTree = "<group>"; };
		8664320315E450D800F53138 /* demon-hunter-selected@2x.png */ = {isa = PBXFileReference; lastKnownFileType = image.png; path = "demon-hunter-selected@2x.png"; sourceTree = "<group>"; };
		8664320415E450D800F53138 /* demon-hunter.png */ = {isa = PBXFileReference; lastKnownFileType = image.png; path = "demon-hunter.png"; sourceTree = "<group>"; };
		8664320515E450D800F53138 /* demon-hunter@2x.png */ = {isa = PBXFileReference; lastKnownFileType = image.png; path = "demon-hunter@2x.png"; sourceTree = "<group>"; };
		8664320615E450D800F53138 /* monk-selected.png */ = {isa = PBXFileReference; lastKnownFileType = image.png; path = "monk-selected.png"; sourceTree = "<group>"; };
		8664320715E450D800F53138 /* monk-selected@2x.png */ = {isa = PBXFileReference; lastKnownFileType = image.png; path = "monk-selected@2x.png"; sourceTree = "<group>"; };
		8664320815E450D800F53138 /* monk.png */ = {isa = PBXFileReference; lastKnownFileType = image.png; path = monk.png; sourceTree = "<group>"; };
		8664320915E450D800F53138 /* monk@2x.png */ = {isa = PBXFileReference; lastKnownFileType = image.png; path = "monk@2x.png"; sourceTree = "<group>"; };
		8664320A15E450D800F53138 /* witch-doctor-selected.png */ = {isa = PBXFileReference; lastKnownFileType = image.png; path = "witch-doctor-selected.png"; sourceTree = "<group>"; };
		8664320B15E450D800F53138 /* witch-doctor-selected@2x.png */ = {isa = PBXFileReference; lastKnownFileType = image.png; path = "witch-doctor-selected@2x.png"; sourceTree = "<group>"; };
		8664320C15E450D800F53138 /* witch-doctor.png */ = {isa = PBXFileReference; lastKnownFileType = image.png; path = "witch-doctor.png"; sourceTree = "<group>"; };
		8664320D15E450D800F53138 /* witch-doctor@2x.png */ = {isa = PBXFileReference; lastKnownFileType = image.png; path = "witch-doctor@2x.png"; sourceTree = "<group>"; };
		8664320E15E450D800F53138 /* wizard-selected.png */ = {isa = PBXFileReference; lastKnownFileType = image.png; path = "wizard-selected.png"; sourceTree = "<group>"; };
		8664320F15E450D800F53138 /* wizard-selected@2x.png */ = {isa = PBXFileReference; lastKnownFileType = image.png; path = "wizard-selected@2x.png"; sourceTree = "<group>"; };
		8664321015E450D800F53138 /* wizard.png */ = {isa = PBXFileReference; lastKnownFileType = image.png; path = wizard.png; sourceTree = "<group>"; };
		8664321115E450D800F53138 /* wizard@2x.png */ = {isa = PBXFileReference; lastKnownFileType = image.png; path = "wizard@2x.png"; sourceTree = "<group>"; };
		8664321215E450D800F53138 /* rune.png */ = {isa = PBXFileReference; lastKnownFileType = image.png; path = rune.png; sourceTree = "<group>"; };
		8664321315E450D800F53138 /* rune@2x.png */ = {isa = PBXFileReference; lastKnownFileType = image.png; path = "rune@2x.png"; sourceTree = "<group>"; };
		8675D70315E520520006B42F /* D3LogoutCell.h */ = {isa = PBXFileReference; fileEncoding = 4; lastKnownFileType = sourcecode.c.h; name = D3LogoutCell.h; path = "Profiles for Diablo 3/Classes/D3LogoutCell.h"; sourceTree = "<group>"; };
		8675D70415E520520006B42F /* D3LogoutCell.m */ = {isa = PBXFileReference; fileEncoding = 4; lastKnownFileType = sourcecode.c.objc; name = D3LogoutCell.m; path = "Profiles for Diablo 3/Classes/D3LogoutCell.m"; sourceTree = "<group>"; };
		86A2269015E462F900971A53 /* texture.png */ = {isa = PBXFileReference; lastKnownFileType = image.png; path = texture.png; sourceTree = "<group>"; };
		86A2269115E462F900971A53 /* texture@2x.png */ = {isa = PBXFileReference; lastKnownFileType = image.png; path = "texture@2x.png"; sourceTree = "<group>"; };
		86A2269815E4666300971A53 /* D3TexturedView.h */ = {isa = PBXFileReference; fileEncoding = 4; lastKnownFileType = sourcecode.c.h; name = D3TexturedView.h; path = "Profiles for Diablo 3/Classes/D3TexturedView.h"; sourceTree = "<group>"; };
		86A2269915E4666300971A53 /* D3TexturedView.m */ = {isa = PBXFileReference; fileEncoding = 4; lastKnownFileType = sourcecode.c.objc; name = D3TexturedView.m; path = "Profiles for Diablo 3/Classes/D3TexturedView.m"; sourceTree = "<group>"; };
		86A2269E15E48FC900971A53 /* off.png */ = {isa = PBXFileReference; lastKnownFileType = image.png; path = off.png; sourceTree = "<group>"; };
		86A2269F15E48FC900971A53 /* off@2x.png */ = {isa = PBXFileReference; lastKnownFileType = image.png; path = "off@2x.png"; sourceTree = "<group>"; };
		86A226A215E492F100971A53 /* block-shadow.png */ = {isa = PBXFileReference; lastKnownFileType = image.png; path = "block-shadow.png"; sourceTree = "<group>"; };
		86A226A315E492F100971A53 /* block-shadow@2x.png */ = {isa = PBXFileReference; lastKnownFileType = image.png; path = "block-shadow@2x.png"; sourceTree = "<group>"; };
		943A123715E1B13400F03406 /* D3SkillDetailViewController.h */ = {isa = PBXFileReference; fileEncoding = 4; lastKnownFileType = sourcecode.c.h; name = D3SkillDetailViewController.h; path = "Profiles for Diablo 3/Classes/D3SkillDetailViewController.h"; sourceTree = "<group>"; };
		943A123815E1B13400F03406 /* D3SkillDetailViewController.m */ = {isa = PBXFileReference; fileEncoding = 4; lastKnownFileType = sourcecode.c.objc; name = D3SkillDetailViewController.m; path = "Profiles for Diablo 3/Classes/D3SkillDetailViewController.m"; sourceTree = "<group>"; };
		943A123F15E1C8FA00F03406 /* D3StatsViewController.h */ = {isa = PBXFileReference; fileEncoding = 4; lastKnownFileType = sourcecode.c.h; name = D3StatsViewController.h; path = "Profiles for Diablo 3/Classes/D3StatsViewController.h"; sourceTree = "<group>"; };
		943A124015E1C8FA00F03406 /* D3StatsViewController.m */ = {isa = PBXFileReference; fileEncoding = 4; lastKnownFileType = sourcecode.c.objc; name = D3StatsViewController.m; path = "Profiles for Diablo 3/Classes/D3StatsViewController.m"; sourceTree = "<group>"; };
		9444D3C515DBED120098CFE6 /* D3HTTPClient.h */ = {isa = PBXFileReference; lastKnownFileType = sourcecode.c.h; name = D3HTTPClient.h; path = "Profiles for Diablo 3/Classes/D3HTTPClient.h"; sourceTree = "<group>"; };
		9444D3C615DBED120098CFE6 /* D3HTTPClient.m */ = {isa = PBXFileReference; lastKnownFileType = sourcecode.c.objc; name = D3HTTPClient.m; path = "Profiles for Diablo 3/Classes/D3HTTPClient.m"; sourceTree = "<group>"; };
		9444D3F615DBF5D90098CFE6 /* Profiles-Tests.octest */ = {isa = PBXFileReference; explicitFileType = wrapper.cfbundle; includeInIndex = 0; path = "Profiles-Tests.octest"; sourceTree = BUILT_PRODUCTS_DIR; };
		9444D3F715DBF5D90098CFE6 /* SenTestingKit.framework */ = {isa = PBXFileReference; lastKnownFileType = wrapper.framework; name = SenTestingKit.framework; path = Library/Frameworks/SenTestingKit.framework; sourceTree = DEVELOPER_DIR; };
		9444D3FD15DBF5D90098CFE6 /* Profiles-Tests-Info.plist */ = {isa = PBXFileReference; lastKnownFileType = text.plist.xml; path = "Profiles-Tests-Info.plist"; sourceTree = "<group>"; };
		9444D3FF15DBF5D90098CFE6 /* en */ = {isa = PBXFileReference; lastKnownFileType = text.plist.strings; name = en; path = en.lproj/InfoPlist.strings; sourceTree = "<group>"; };
		9444D40115DBF5D90098CFE6 /* Profiles_Tests.h */ = {isa = PBXFileReference; lastKnownFileType = sourcecode.c.h; path = Profiles_Tests.h; sourceTree = "<group>"; };
		9444D40215DBF5D90098CFE6 /* Profiles_Tests.m */ = {isa = PBXFileReference; lastKnownFileType = sourcecode.c.objc; path = Profiles_Tests.m; sourceTree = "<group>"; };
		9444D40415DBF5D90098CFE6 /* Profiles-Tests-Prefix.pch */ = {isa = PBXFileReference; lastKnownFileType = sourcecode.c.h; path = "Profiles-Tests-Prefix.pch"; sourceTree = "<group>"; };
		9447C1B715E03C600084BE3F /* Exocet.ttf */ = {isa = PBXFileReference; lastKnownFileType = file; path = Exocet.ttf; sourceTree = "<group>"; };
		9447C1B815E03C600084BE3F /* ExocetBold.ttf */ = {isa = PBXFileReference; lastKnownFileType = file; path = ExocetBold.ttf; sourceTree = "<group>"; };
		9447C1C015E03CD50084BE3F /* D3Theme.h */ = {isa = PBXFileReference; fileEncoding = 4; lastKnownFileType = sourcecode.c.h; name = D3Theme.h; path = "Profiles for Diablo 3/Classes/D3Theme.h"; sourceTree = "<group>"; };
		9447C1C115E03CD50084BE3F /* D3Theme.m */ = {isa = PBXFileReference; fileEncoding = 4; lastKnownFileType = sourcecode.c.objc; name = D3Theme.m; path = "Profiles for Diablo 3/Classes/D3Theme.m"; sourceTree = "<group>"; };
		9447C1C315E03D970084BE3F /* UILabel+AutoSize.h */ = {isa = PBXFileReference; fileEncoding = 4; lastKnownFileType = sourcecode.c.h; name = "UILabel+AutoSize.h"; path = "Profiles for Diablo 3/Classes/UILabel+AutoSize.h"; sourceTree = "<group>"; };
		9447C1C415E03D970084BE3F /* UILabel+AutoSize.m */ = {isa = PBXFileReference; fileEncoding = 4; lastKnownFileType = sourcecode.c.objc; name = "UILabel+AutoSize.m"; path = "Profiles for Diablo 3/Classes/UILabel+AutoSize.m"; sourceTree = "<group>"; };
		9447C1C615E0787C0084BE3F /* D3CardViewController.h */ = {isa = PBXFileReference; fileEncoding = 4; lastKnownFileType = sourcecode.c.h; name = D3CardViewController.h; path = "Profiles for Diablo 3/Classes/D3CardViewController.h"; sourceTree = "<group>"; };
		9447C1C715E0787C0084BE3F /* D3CardViewController.m */ = {isa = PBXFileReference; fileEncoding = 4; lastKnownFileType = sourcecode.c.objc; name = D3CardViewController.m; path = "Profiles for Diablo 3/Classes/D3CardViewController.m"; sourceTree = "<group>"; };
		9447C1C915E07E5B0084BE3F /* D3SkillsViewController.h */ = {isa = PBXFileReference; fileEncoding = 4; lastKnownFileType = sourcecode.c.h; name = D3SkillsViewController.h; path = "Profiles for Diablo 3/Classes/D3SkillsViewController.h"; sourceTree = "<group>"; };
		9447C1CA15E07E5B0084BE3F /* D3SkillsViewController.m */ = {isa = PBXFileReference; fileEncoding = 4; lastKnownFileType = sourcecode.c.objc; name = D3SkillsViewController.m; path = "Profiles for Diablo 3/Classes/D3SkillsViewController.m"; sourceTree = "<group>"; };
		9447C1D015E0803C0084BE3F /* D3SkillButton.h */ = {isa = PBXFileReference; fileEncoding = 4; lastKnownFileType = sourcecode.c.h; name = D3SkillButton.h; path = "Profiles for Diablo 3/Classes/D3SkillButton.h"; sourceTree = "<group>"; };
		9447C1D115E0803C0084BE3F /* D3SkillButton.m */ = {isa = PBXFileReference; fileEncoding = 4; lastKnownFileType = sourcecode.c.objc; name = D3SkillButton.m; path = "Profiles for Diablo 3/Classes/D3SkillButton.m"; sourceTree = "<group>"; };
		944C194815DDD93400B57C52 /* D3ItemViewController.h */ = {isa = PBXFileReference; fileEncoding = 4; lastKnownFileType = sourcecode.c.h; name = D3ItemViewController.h; path = "Profiles for Diablo 3/Classes/D3ItemViewController.h"; sourceTree = "<group>"; };
		944C194915DDD93400B57C52 /* D3ItemViewController.m */ = {isa = PBXFileReference; fileEncoding = 4; lastKnownFileType = sourcecode.c.objc; name = D3ItemViewController.m; path = "Profiles for Diablo 3/Classes/D3ItemViewController.m"; sourceTree = "<group>"; };
		944C194F15DE8D3200B57C52 /* D3ViewController.h */ = {isa = PBXFileReference; fileEncoding = 4; lastKnownFileType = sourcecode.c.h; name = D3ViewController.h; path = "Profiles for Diablo 3/Classes/D3ViewController.h"; sourceTree = "<group>"; };
		944C195015DE8D3200B57C52 /* D3ViewController.m */ = {isa = PBXFileReference; fileEncoding = 4; lastKnownFileType = sourcecode.c.objc; name = D3ViewController.m; path = "Profiles for Diablo 3/Classes/D3ViewController.m"; sourceTree = "<group>"; };
		944C195215DE999C00B57C52 /* D3Object.h */ = {isa = PBXFileReference; fileEncoding = 4; lastKnownFileType = sourcecode.c.h; name = D3Object.h; path = "Profiles for Diablo 3/Classes/D3Object.h"; sourceTree = "<group>"; };
		944C195315DE999C00B57C52 /* D3Object.m */ = {isa = PBXFileReference; fileEncoding = 4; lastKnownFileType = sourcecode.c.objc; name = D3Object.m; path = "Profiles for Diablo 3/Classes/D3Object.m"; sourceTree = "<group>"; };
		944F2C1715DC3AE400D5C08A /* D3RuneEmitterView.h */ = {isa = PBXFileReference; fileEncoding = 4; lastKnownFileType = sourcecode.c.h; name = D3RuneEmitterView.h; path = "Profiles for Diablo 3/Classes/D3RuneEmitterView.h"; sourceTree = "<group>"; };
		944F2C1815DC3AE400D5C08A /* D3RuneEmitterView.m */ = {isa = PBXFileReference; fileEncoding = 4; lastKnownFileType = sourcecode.c.objc; name = D3RuneEmitterView.m; path = "Profiles for Diablo 3/Classes/D3RuneEmitterView.m"; sourceTree = "<group>"; };
		944F2C2615DC3E8D00D5C08A /* D3HeroCell.h */ = {isa = PBXFileReference; fileEncoding = 4; lastKnownFileType = sourcecode.c.h; name = D3HeroCell.h; path = "Profiles for Diablo 3/Classes/D3HeroCell.h"; sourceTree = "<group>"; };
		944F2C2715DC3E8D00D5C08A /* D3HeroCell.m */ = {isa = PBXFileReference; fileEncoding = 4; lastKnownFileType = sourcecode.c.objc; name = D3HeroCell.m; path = "Profiles for Diablo 3/Classes/D3HeroCell.m"; sourceTree = "<group>"; };
		945E333515DBDFBF00F41270 /* D3Artisan.h */ = {isa = PBXFileReference; lastKnownFileType = sourcecode.c.h; name = D3Artisan.h; path = "Profiles for Diablo 3/Classes/D3Artisan.h"; sourceTree = "<group>"; };
		945E333615DBDFBF00F41270 /* D3Artisan.m */ = {isa = PBXFileReference; lastKnownFileType = sourcecode.c.objc; name = D3Artisan.m; path = "Profiles for Diablo 3/Classes/D3Artisan.m"; sourceTree = "<group>"; };
		945E333715DBDFBF00F41270 /* D3Career.h */ = {isa = PBXFileReference; lastKnownFileType = sourcecode.c.h; name = D3Career.h; path = "Profiles for Diablo 3/Classes/D3Career.h"; sourceTree = "<group>"; };
		945E333815DBDFBF00F41270 /* D3Career.m */ = {isa = PBXFileReference; lastKnownFileType = sourcecode.c.objc; name = D3Career.m; path = "Profiles for Diablo 3/Classes/D3Career.m"; sourceTree = "<group>"; };
		945E333915DBDFBF00F41270 /* D3Follower.h */ = {isa = PBXFileReference; lastKnownFileType = sourcecode.c.h; name = D3Follower.h; path = "Profiles for Diablo 3/Classes/D3Follower.h"; sourceTree = "<group>"; };
		945E333A15DBDFBF00F41270 /* D3Follower.m */ = {isa = PBXFileReference; lastKnownFileType = sourcecode.c.objc; name = D3Follower.m; path = "Profiles for Diablo 3/Classes/D3Follower.m"; sourceTree = "<group>"; };
		945E333B15DBDFBF00F41270 /* D3Hero.h */ = {isa = PBXFileReference; lastKnownFileType = sourcecode.c.h; name = D3Hero.h; path = "Profiles for Diablo 3/Classes/D3Hero.h"; sourceTree = "<group>"; };
		945E333C15DBDFBF00F41270 /* D3Hero.m */ = {isa = PBXFileReference; lastKnownFileType = sourcecode.c.objc; name = D3Hero.m; path = "Profiles for Diablo 3/Classes/D3Hero.m"; sourceTree = "<group>"; };
		945E333D15DBDFBF00F41270 /* D3Item.h */ = {isa = PBXFileReference; lastKnownFileType = sourcecode.c.h; name = D3Item.h; path = "Profiles for Diablo 3/Classes/D3Item.h"; sourceTree = "<group>"; };
		945E333E15DBDFBF00F41270 /* D3Item.m */ = {isa = PBXFileReference; lastKnownFileType = sourcecode.c.objc; name = D3Item.m; path = "Profiles for Diablo 3/Classes/D3Item.m"; sourceTree = "<group>"; };
		945E333F15DBDFBF00F41270 /* D3Rune.h */ = {isa = PBXFileReference; lastKnownFileType = sourcecode.c.h; name = D3Rune.h; path = "Profiles for Diablo 3/Classes/D3Rune.h"; sourceTree = "<group>"; };
		945E334015DBDFBF00F41270 /* D3Rune.m */ = {isa = PBXFileReference; lastKnownFileType = sourcecode.c.objc; name = D3Rune.m; path = "Profiles for Diablo 3/Classes/D3Rune.m"; sourceTree = "<group>"; };
		945E334115DBDFBF00F41270 /* D3Skill.h */ = {isa = PBXFileReference; lastKnownFileType = sourcecode.c.h; name = D3Skill.h; path = "Profiles for Diablo 3/Classes/D3Skill.h"; sourceTree = "<group>"; };
		945E334215DBDFBF00F41270 /* D3Skill.m */ = {isa = PBXFileReference; lastKnownFileType = sourcecode.c.objc; name = D3Skill.m; path = "Profiles for Diablo 3/Classes/D3Skill.m"; sourceTree = "<group>"; };
		9483F35915DC90390065E2C1 /* D3HeroViewController.h */ = {isa = PBXFileReference; fileEncoding = 4; lastKnownFileType = sourcecode.c.h; name = D3HeroViewController.h; path = "Profiles for Diablo 3/Classes/D3HeroViewController.h"; sourceTree = "<group>"; };
		9483F35A15DC90390065E2C1 /* D3HeroViewController.m */ = {isa = PBXFileReference; fileEncoding = 4; lastKnownFileType = sourcecode.c.objc; name = D3HeroViewController.m; path = "Profiles for Diablo 3/Classes/D3HeroViewController.m"; sourceTree = "<group>"; };
		9483F36015DC9A050065E2C1 /* D3ItemButton.h */ = {isa = PBXFileReference; fileEncoding = 4; lastKnownFileType = sourcecode.c.h; name = D3ItemButton.h; path = "Profiles for Diablo 3/Classes/D3ItemButton.h"; sourceTree = "<group>"; };
		9483F36115DC9A050065E2C1 /* D3ItemButton.m */ = {isa = PBXFileReference; fileEncoding = 4; lastKnownFileType = sourcecode.c.objc; name = D3ItemButton.m; path = "Profiles for Diablo 3/Classes/D3ItemButton.m"; sourceTree = "<group>"; };
		94AB662F15DD4E8500E285EA /* UIApplication+AppDimensions.h */ = {isa = PBXFileReference; fileEncoding = 4; lastKnownFileType = sourcecode.c.h; name = "UIApplication+AppDimensions.h"; path = "Profiles for Diablo 3/Classes/UIApplication+AppDimensions.h"; sourceTree = "<group>"; };
		94AB663015DD4E8500E285EA /* UIApplication+AppDimensions.m */ = {isa = PBXFileReference; fileEncoding = 4; lastKnownFileType = sourcecode.c.objc; name = "UIApplication+AppDimensions.m"; path = "Profiles for Diablo 3/Classes/UIApplication+AppDimensions.m"; sourceTree = "<group>"; };
		94ECD44415DC0300008A8BEB /* TestSemaphor.h */ = {isa = PBXFileReference; fileEncoding = 4; lastKnownFileType = sourcecode.c.h; path = TestSemaphor.h; sourceTree = "<group>"; };
		94ECD44515DC0300008A8BEB /* TestSemaphor.m */ = {isa = PBXFileReference; fileEncoding = 4; lastKnownFileType = sourcecode.c.objc; path = TestSemaphor.m; sourceTree = "<group>"; };
		94ECD47715DC0A4E008A8BEB /* PSStackedView.h */ = {isa = PBXFileReference; fileEncoding = 4; lastKnownFileType = sourcecode.c.h; path = PSStackedView.h; sourceTree = "<group>"; };
		94ECD47815DC0A4E008A8BEB /* PSStackedViewController.h */ = {isa = PBXFileReference; fileEncoding = 4; lastKnownFileType = sourcecode.c.h; path = PSStackedViewController.h; sourceTree = "<group>"; };
		94ECD47915DC0A4E008A8BEB /* PSStackedViewController.m */ = {isa = PBXFileReference; fileEncoding = 4; lastKnownFileType = sourcecode.c.objc; path = PSStackedViewController.m; sourceTree = "<group>"; };
		94ECD47A15DC0A4E008A8BEB /* PSStackedViewDelegate.h */ = {isa = PBXFileReference; fileEncoding = 4; lastKnownFileType = sourcecode.c.h; path = PSStackedViewDelegate.h; sourceTree = "<group>"; };
		94ECD47B15DC0A4E008A8BEB /* PSStackedViewGlobal.h */ = {isa = PBXFileReference; fileEncoding = 4; lastKnownFileType = sourcecode.c.h; path = PSStackedViewGlobal.h; sourceTree = "<group>"; };
		94ECD47C15DC0A4E008A8BEB /* PSStackedViewGlobal.m */ = {isa = PBXFileReference; fileEncoding = 4; lastKnownFileType = sourcecode.c.objc; path = PSStackedViewGlobal.m; sourceTree = "<group>"; };
		94ECD47D15DC0A4E008A8BEB /* PSStackedViewSegue.h */ = {isa = PBXFileReference; fileEncoding = 4; lastKnownFileType = sourcecode.c.h; path = PSStackedViewSegue.h; sourceTree = "<group>"; };
		94ECD47E15DC0A4E008A8BEB /* PSStackedViewSegue.m */ = {isa = PBXFileReference; fileEncoding = 4; lastKnownFileType = sourcecode.c.objc; path = PSStackedViewSegue.m; sourceTree = "<group>"; };
		94ECD47F15DC0A4E008A8BEB /* PSSVContainerView.h */ = {isa = PBXFileReference; fileEncoding = 4; lastKnownFileType = sourcecode.c.h; path = PSSVContainerView.h; sourceTree = "<group>"; };
		94ECD48015DC0A4E008A8BEB /* PSSVContainerView.m */ = {isa = PBXFileReference; fileEncoding = 4; lastKnownFileType = sourcecode.c.objc; path = PSSVContainerView.m; sourceTree = "<group>"; };
		94ECD48115DC0A4E008A8BEB /* UIView+PSSizes.h */ = {isa = PBXFileReference; fileEncoding = 4; lastKnownFileType = sourcecode.c.h; path = "UIView+PSSizes.h"; sourceTree = "<group>"; };
		94ECD48215DC0A4E008A8BEB /* UIView+PSSizes.m */ = {isa = PBXFileReference; fileEncoding = 4; lastKnownFileType = sourcecode.c.objc; path = "UIView+PSSizes.m"; sourceTree = "<group>"; };
		94ECD48315DC0A4E008A8BEB /* UIViewController+PSStackedView.h */ = {isa = PBXFileReference; fileEncoding = 4; lastKnownFileType = sourcecode.c.h; path = "UIViewController+PSStackedView.h"; sourceTree = "<group>"; };
		94ECD48415DC0A4E008A8BEB /* UIViewController+PSStackedView.m */ = {isa = PBXFileReference; fileEncoding = 4; lastKnownFileType = sourcecode.c.objc; path = "UIViewController+PSStackedView.m"; sourceTree = "<group>"; };
		94ECD48F15DC0B25008A8BEB /* D3HeroMenuControllerViewController.h */ = {isa = PBXFileReference; fileEncoding = 4; lastKnownFileType = sourcecode.c.h; name = D3HeroMenuControllerViewController.h; path = "Profiles for Diablo 3/Classes/D3HeroMenuControllerViewController.h"; sourceTree = "<group>"; };
		94ECD49015DC0B25008A8BEB /* D3HeroMenuControllerViewController.m */ = {isa = PBXFileReference; fileEncoding = 4; lastKnownFileType = sourcecode.c.objc; name = D3HeroMenuControllerViewController.m; path = "Profiles for Diablo 3/Classes/D3HeroMenuControllerViewController.m"; sourceTree = "<group>"; };
		94ECD49315DC1B1E008A8BEB /* D3AccountView.h */ = {isa = PBXFileReference; fileEncoding = 4; lastKnownFileType = sourcecode.c.h; name = D3AccountView.h; path = "Profiles for Diablo 3/Classes/D3AccountView.h"; sourceTree = "<group>"; };
		94ECD49415DC1B1E008A8BEB /* D3AccountView.m */ = {isa = PBXFileReference; fileEncoding = 4; lastKnownFileType = sourcecode.c.objc; name = D3AccountView.m; path = "Profiles for Diablo 3/Classes/D3AccountView.m"; sourceTree = "<group>"; };
		94EF72C015DBD556008161FE /* D3 Profiles.app */ = {isa = PBXFileReference; explicitFileType = wrapper.application; includeInIndex = 0; path = "D3 Profiles.app"; sourceTree = BUILT_PRODUCTS_DIR; };
		94EF72C415DBD556008161FE /* UIKit.framework */ = {isa = PBXFileReference; lastKnownFileType = wrapper.framework; name = UIKit.framework; path = System/Library/Frameworks/UIKit.framework; sourceTree = SDKROOT; };
		94EF72C615DBD556008161FE /* Foundation.framework */ = {isa = PBXFileReference; lastKnownFileType = wrapper.framework; name = Foundation.framework; path = System/Library/Frameworks/Foundation.framework; sourceTree = SDKROOT; };
		94EF72C815DBD556008161FE /* CoreGraphics.framework */ = {isa = PBXFileReference; lastKnownFileType = wrapper.framework; name = CoreGraphics.framework; path = System/Library/Frameworks/CoreGraphics.framework; sourceTree = SDKROOT; };
		94EF72FF15DBD614008161FE /* QuartzCore.framework */ = {isa = PBXFileReference; lastKnownFileType = wrapper.framework; name = QuartzCore.framework; path = System/Library/Frameworks/QuartzCore.framework; sourceTree = SDKROOT; };
		94EF732415DBD920008161FE /* AppDelegate.h */ = {isa = PBXFileReference; lastKnownFileType = sourcecode.c.h; name = AppDelegate.h; path = "Profiles for Diablo 3/Classes/AppDelegate.h"; sourceTree = "<group>"; };
		94EF732515DBD920008161FE /* AppDelegate.m */ = {isa = PBXFileReference; lastKnownFileType = sourcecode.c.objc; name = AppDelegate.m; path = "Profiles for Diablo 3/Classes/AppDelegate.m"; sourceTree = "<group>"; };
		94EF732915DBD954008161FE /* AFHTTPClient.h */ = {isa = PBXFileReference; fileEncoding = 4; lastKnownFileType = sourcecode.c.h; path = AFHTTPClient.h; sourceTree = "<group>"; };
		94EF732A15DBD954008161FE /* AFHTTPClient.m */ = {isa = PBXFileReference; fileEncoding = 4; lastKnownFileType = sourcecode.c.objc; path = AFHTTPClient.m; sourceTree = "<group>"; };
		94EF732B15DBD954008161FE /* AFHTTPRequestOperation.h */ = {isa = PBXFileReference; fileEncoding = 4; lastKnownFileType = sourcecode.c.h; path = AFHTTPRequestOperation.h; sourceTree = "<group>"; };
		94EF732C15DBD954008161FE /* AFHTTPRequestOperation.m */ = {isa = PBXFileReference; fileEncoding = 4; lastKnownFileType = sourcecode.c.objc; path = AFHTTPRequestOperation.m; sourceTree = "<group>"; };
		94EF732D15DBD954008161FE /* AFImageRequestOperation.h */ = {isa = PBXFileReference; fileEncoding = 4; lastKnownFileType = sourcecode.c.h; path = AFImageRequestOperation.h; sourceTree = "<group>"; };
		94EF732E15DBD954008161FE /* AFImageRequestOperation.m */ = {isa = PBXFileReference; fileEncoding = 4; lastKnownFileType = sourcecode.c.objc; path = AFImageRequestOperation.m; sourceTree = "<group>"; };
		94EF732F15DBD954008161FE /* AFJSONRequestOperation.h */ = {isa = PBXFileReference; fileEncoding = 4; lastKnownFileType = sourcecode.c.h; path = AFJSONRequestOperation.h; sourceTree = "<group>"; };
		94EF733015DBD954008161FE /* AFJSONRequestOperation.m */ = {isa = PBXFileReference; fileEncoding = 4; lastKnownFileType = sourcecode.c.objc; path = AFJSONRequestOperation.m; sourceTree = "<group>"; };
		94EF733115DBD954008161FE /* AFJSONUtilities.h */ = {isa = PBXFileReference; fileEncoding = 4; lastKnownFileType = sourcecode.c.h; path = AFJSONUtilities.h; sourceTree = "<group>"; };
		94EF733215DBD954008161FE /* AFJSONUtilities.m */ = {isa = PBXFileReference; fileEncoding = 4; lastKnownFileType = sourcecode.c.objc; path = AFJSONUtilities.m; sourceTree = "<group>"; };
		94EF733315DBD954008161FE /* AFNetworkActivityIndicatorManager.h */ = {isa = PBXFileReference; fileEncoding = 4; lastKnownFileType = sourcecode.c.h; path = AFNetworkActivityIndicatorManager.h; sourceTree = "<group>"; };
		94EF733415DBD954008161FE /* AFNetworkActivityIndicatorManager.m */ = {isa = PBXFileReference; fileEncoding = 4; lastKnownFileType = sourcecode.c.objc; path = AFNetworkActivityIndicatorManager.m; sourceTree = "<group>"; };
		94EF733515DBD954008161FE /* AFNetworking.h */ = {isa = PBXFileReference; fileEncoding = 4; lastKnownFileType = sourcecode.c.h; path = AFNetworking.h; sourceTree = "<group>"; };
		94EF733615DBD954008161FE /* AFPropertyListRequestOperation.h */ = {isa = PBXFileReference; fileEncoding = 4; lastKnownFileType = sourcecode.c.h; path = AFPropertyListRequestOperation.h; sourceTree = "<group>"; };
		94EF733715DBD954008161FE /* AFPropertyListRequestOperation.m */ = {isa = PBXFileReference; fileEncoding = 4; lastKnownFileType = sourcecode.c.objc; path = AFPropertyListRequestOperation.m; sourceTree = "<group>"; };
		94EF733815DBD954008161FE /* AFURLConnectionOperation.h */ = {isa = PBXFileReference; fileEncoding = 4; lastKnownFileType = sourcecode.c.h; path = AFURLConnectionOperation.h; sourceTree = "<group>"; };
		94EF733915DBD954008161FE /* AFURLConnectionOperation.m */ = {isa = PBXFileReference; fileEncoding = 4; lastKnownFileType = sourcecode.c.objc; path = AFURLConnectionOperation.m; sourceTree = "<group>"; };
		94EF733A15DBD954008161FE /* AFXMLRequestOperation.h */ = {isa = PBXFileReference; fileEncoding = 4; lastKnownFileType = sourcecode.c.h; path = AFXMLRequestOperation.h; sourceTree = "<group>"; };
		94EF733B15DBD954008161FE /* AFXMLRequestOperation.m */ = {isa = PBXFileReference; fileEncoding = 4; lastKnownFileType = sourcecode.c.objc; path = AFXMLRequestOperation.m; sourceTree = "<group>"; };
		94EF733C15DBD954008161FE /* UIImageView+AFNetworking.h */ = {isa = PBXFileReference; fileEncoding = 4; lastKnownFileType = sourcecode.c.h; path = "UIImageView+AFNetworking.h"; sourceTree = "<group>"; };
		94EF733D15DBD954008161FE /* UIImageView+AFNetworking.m */ = {isa = PBXFileReference; fileEncoding = 4; lastKnownFileType = sourcecode.c.objc; path = "UIImageView+AFNetworking.m"; sourceTree = "<group>"; };
		94EF734D15DBD99A008161FE /* en */ = {isa = PBXFileReference; lastKnownFileType = text.plist.strings; name = en; path = "Profiles for Diablo 3/Resources/en.lproj/InfoPlist.strings"; sourceTree = "<group>"; };
		94EF734F15DBD9A5008161FE /* main.m */ = {isa = PBXFileReference; lastKnownFileType = sourcecode.c.objc; name = main.m; path = "Profiles for Diablo 3/Other Sources/main.m"; sourceTree = "<group>"; };
		94EF735115DBD9AE008161FE /* D3Defines.h */ = {isa = PBXFileReference; lastKnownFileType = sourcecode.c.h; name = D3Defines.h; path = "Profiles for Diablo 3/Other Sources/D3Defines.h"; sourceTree = "<group>"; };
		94EF735215DBD9AE008161FE /* D3Defines.m */ = {isa = PBXFileReference; lastKnownFileType = sourcecode.c.objc; name = D3Defines.m; path = "Profiles for Diablo 3/Other Sources/D3Defines.m"; sourceTree = "<group>"; };
		94EF735515DBDA04008161FE /* Profiles for Diablo 3-Info.plist */ = {isa = PBXFileReference; fileEncoding = 4; lastKnownFileType = text.plist.xml; name = "Profiles for Diablo 3-Info.plist"; path = "Profiles for Diablo 3/Profiles for Diablo 3-Info.plist"; sourceTree = "<group>"; };
		94EF735715DBDA08008161FE /* Profiles for Diablo 3-Prefix.pch */ = {isa = PBXFileReference; lastKnownFileType = sourcecode.c.h; name = "Profiles for Diablo 3-Prefix.pch"; path = "Profiles for Diablo 3/Profiles for Diablo 3-Prefix.pch"; sourceTree = "<group>"; };
/* End PBXFileReference section */

/* Begin PBXFrameworksBuildPhase section */
		9444D3F215DBF5D90098CFE6 /* Frameworks */ = {
			isa = PBXFrameworksBuildPhase;
			buildActionMask = 2147483647;
			files = (
				9444D3F815DBF5D90098CFE6 /* SenTestingKit.framework in Frameworks */,
				9444D3F915DBF5D90098CFE6 /* UIKit.framework in Frameworks */,
				9444D3FA15DBF5D90098CFE6 /* Foundation.framework in Frameworks */,
			);
			runOnlyForDeploymentPostprocessing = 0;
		};
		94EF72BD15DBD556008161FE /* Frameworks */ = {
			isa = PBXFrameworksBuildPhase;
			buildActionMask = 2147483647;
			files = (
				94EF730015DBD614008161FE /* QuartzCore.framework in Frameworks */,
				94EF72C515DBD556008161FE /* UIKit.framework in Frameworks */,
				94EF72C715DBD556008161FE /* Foundation.framework in Frameworks */,
				94EF72C915DBD556008161FE /* CoreGraphics.framework in Frameworks */,
			);
			runOnlyForDeploymentPostprocessing = 0;
		};
/* End PBXFrameworksBuildPhase section */

/* Begin PBXGroup section */
		866431FA15E450D800F53138 /* Graphics */ = {
			isa = PBXGroup;
			children = (
				86A226A215E492F100971A53 /* block-shadow.png */,
				86A226A315E492F100971A53 /* block-shadow@2x.png */,
				86A2269E15E48FC900971A53 /* off.png */,
				86A2269F15E48FC900971A53 /* off@2x.png */,
				86A2269015E462F900971A53 /* texture.png */,
				86A2269115E462F900971A53 /* texture@2x.png */,
				866431FB15E450D800F53138 /* burn.png */,
				866431FC15E450D800F53138 /* burn@2x.png */,
				866431FD15E450D800F53138 /* icons */,
				8664321215E450D800F53138 /* rune.png */,
				8664321315E450D800F53138 /* rune@2x.png */,
			);
			name = Graphics;
			path = "Profiles for Diablo 3/Resources/Graphics";
			sourceTree = "<group>";
		};
		866431FD15E450D800F53138 /* icons */ = {
			isa = PBXGroup;
			children = (
				866431FE15E450D800F53138 /* barbarian-selected.png */,
				866431FF15E450D800F53138 /* barbarian-selected@2x.png */,
				8664320015E450D800F53138 /* barbarian.png */,
				8664320115E450D800F53138 /* barbarian@2x.png */,
				8664320215E450D800F53138 /* demon-hunter-selected.png */,
				8664320315E450D800F53138 /* demon-hunter-selected@2x.png */,
				8664320415E450D800F53138 /* demon-hunter.png */,
				8664320515E450D800F53138 /* demon-hunter@2x.png */,
				8664320615E450D800F53138 /* monk-selected.png */,
				8664320715E450D800F53138 /* monk-selected@2x.png */,
				8664320815E450D800F53138 /* monk.png */,
				8664320915E450D800F53138 /* monk@2x.png */,
				8664320A15E450D800F53138 /* witch-doctor-selected.png */,
				8664320B15E450D800F53138 /* witch-doctor-selected@2x.png */,
				8664320C15E450D800F53138 /* witch-doctor.png */,
				8664320D15E450D800F53138 /* witch-doctor@2x.png */,
				8664320E15E450D800F53138 /* wizard-selected.png */,
				8664320F15E450D800F53138 /* wizard-selected@2x.png */,
				8664321015E450D800F53138 /* wizard.png */,
				8664321115E450D800F53138 /* wizard@2x.png */,
			);
			path = icons;
			sourceTree = "<group>";
		};
		9444D3FB15DBF5D90098CFE6 /* Profiles-Tests */ = {
			isa = PBXGroup;
			children = (
				94ECD44415DC0300008A8BEB /* TestSemaphor.h */,
				94ECD44515DC0300008A8BEB /* TestSemaphor.m */,
				9444D40115DBF5D90098CFE6 /* Profiles_Tests.h */,
				9444D40215DBF5D90098CFE6 /* Profiles_Tests.m */,
				9444D3FC15DBF5D90098CFE6 /* Supporting Files */,
			);
			path = "Profiles-Tests";
			sourceTree = "<group>";
		};
		9444D3FC15DBF5D90098CFE6 /* Supporting Files */ = {
			isa = PBXGroup;
			children = (
				9444D3FD15DBF5D90098CFE6 /* Profiles-Tests-Info.plist */,
				9444D3FE15DBF5D90098CFE6 /* InfoPlist.strings */,
				9444D40415DBF5D90098CFE6 /* Profiles-Tests-Prefix.pch */,
			);
			name = "Supporting Files";
			sourceTree = "<group>";
		};
		9447C1B615E03C600084BE3F /* Fonts */ = {
			isa = PBXGroup;
			children = (
				9447C1B715E03C600084BE3F /* Exocet.ttf */,
				9447C1B815E03C600084BE3F /* ExocetBold.ttf */,
			);
			name = Fonts;
			path = "Profiles for Diablo 3/Resources/Fonts";
			sourceTree = "<group>";
		};
		94ECD47615DC0A4E008A8BEB /* PSStackedView */ = {
			isa = PBXGroup;
			children = (
				94ECD47715DC0A4E008A8BEB /* PSStackedView.h */,
				94ECD47815DC0A4E008A8BEB /* PSStackedViewController.h */,
				94ECD47915DC0A4E008A8BEB /* PSStackedViewController.m */,
				94ECD47A15DC0A4E008A8BEB /* PSStackedViewDelegate.h */,
				94ECD47B15DC0A4E008A8BEB /* PSStackedViewGlobal.h */,
				94ECD47C15DC0A4E008A8BEB /* PSStackedViewGlobal.m */,
				94ECD47D15DC0A4E008A8BEB /* PSStackedViewSegue.h */,
				94ECD47E15DC0A4E008A8BEB /* PSStackedViewSegue.m */,
				94ECD47F15DC0A4E008A8BEB /* PSSVContainerView.h */,
				94ECD48015DC0A4E008A8BEB /* PSSVContainerView.m */,
				94ECD48115DC0A4E008A8BEB /* UIView+PSSizes.h */,
				94ECD48215DC0A4E008A8BEB /* UIView+PSSizes.m */,
				94ECD48315DC0A4E008A8BEB /* UIViewController+PSStackedView.h */,
				94ECD48415DC0A4E008A8BEB /* UIViewController+PSStackedView.m */,
			);
			name = PSStackedView;
			path = "Profiles for Diablo 3/Vendor/PSStackedView";
			sourceTree = "<group>";
		};
		94EF72B515DBD556008161FE = {
			isa = PBXGroup;
			children = (
				94EF72DB15DBD561008161FE /* Classes */,
				94EF72C315DBD556008161FE /* Frameworks */,
				94EF72FE15DBD5D7008161FE /* Other Sources */,
				94EF72C115DBD556008161FE /* Products */,
				9444D3FB15DBF5D90098CFE6 /* Profiles-Tests */,
				94EF72FC15DBD5C3008161FE /* Resources */,
				94EF72FD15DBD5CE008161FE /* Vendor */,
			);
			sourceTree = "<group>";
		};
		94EF72C115DBD556008161FE /* Products */ = {
			isa = PBXGroup;
			children = (
				94EF72C015DBD556008161FE /* D3 Profiles.app */,
				9444D3F615DBF5D90098CFE6 /* Profiles-Tests.octest */,
			);
			name = Products;
			sourceTree = "<group>";
		};
		94EF72C315DBD556008161FE /* Frameworks */ = {
			isa = PBXGroup;
			children = (
				94EF72FF15DBD614008161FE /* QuartzCore.framework */,
				94EF72C415DBD556008161FE /* UIKit.framework */,
				94EF72C615DBD556008161FE /* Foundation.framework */,
				94EF72C815DBD556008161FE /* CoreGraphics.framework */,
				9444D3F715DBF5D90098CFE6 /* SenTestingKit.framework */,
			);
			name = Frameworks;
			sourceTree = "<group>";
		};
		94EF72DB15DBD561008161FE /* Classes */ = {
			isa = PBXGroup;
			children = (
				94EF72DF15DBD57D008161FE /* Abstract */,
				94EF72F915DBD59A008161FE /* Application */,
				94EF72FA15DBD5AA008161FE /* Categories */,
				94EF72FB15DBD5B4008161FE /* Misc */,
				94EF72DD15DBD571008161FE /* ViewControllers */,
				94EF72DC15DBD56D008161FE /* Views */,
			);
			name = Classes;
			sourceTree = "<group>";
		};
		94EF72DC15DBD56D008161FE /* Views */ = {
			isa = PBXGroup;
			children = (
				8675D70315E520520006B42F /* D3LogoutCell.h */,
				8675D70415E520520006B42F /* D3LogoutCell.m */,
				94ECD49315DC1B1E008A8BEB /* D3AccountView.h */,
				94ECD49415DC1B1E008A8BEB /* D3AccountView.m */,
				944F2C2615DC3E8D00D5C08A /* D3HeroCell.h */,
				944F2C2715DC3E8D00D5C08A /* D3HeroCell.m */,
				9483F36015DC9A050065E2C1 /* D3ItemButton.h */,
				9483F36115DC9A050065E2C1 /* D3ItemButton.m */,
				944F2C1715DC3AE400D5C08A /* D3RuneEmitterView.h */,
				944F2C1815DC3AE400D5C08A /* D3RuneEmitterView.m */,
				9447C1D015E0803C0084BE3F /* D3SkillButton.h */,
				9447C1D115E0803C0084BE3F /* D3SkillButton.m */,
				86A2269815E4666300971A53 /* D3TexturedView.h */,
				86A2269915E4666300971A53 /* D3TexturedView.m */,
			);
			name = Views;
			sourceTree = "<group>";
		};
		94EF72DD15DBD571008161FE /* ViewControllers */ = {
			isa = PBXGroup;
			children = (
				9447C1C615E0787C0084BE3F /* D3CardViewController.h */,
				9447C1C715E0787C0084BE3F /* D3CardViewController.m */,
				94ECD48F15DC0B25008A8BEB /* D3HeroMenuControllerViewController.h */,
				94ECD49015DC0B25008A8BEB /* D3HeroMenuControllerViewController.m */,
				9483F35915DC90390065E2C1 /* D3HeroViewController.h */,
				9483F35A15DC90390065E2C1 /* D3HeroViewController.m */,
				944C194815DDD93400B57C52 /* D3ItemViewController.h */,
				944C194915DDD93400B57C52 /* D3ItemViewController.m */,
				943A123715E1B13400F03406 /* D3SkillDetailViewController.h */,
				943A123815E1B13400F03406 /* D3SkillDetailViewController.m */,
				9447C1C915E07E5B0084BE3F /* D3SkillsViewController.h */,
				9447C1CA15E07E5B0084BE3F /* D3SkillsViewController.m */,
				943A123F15E1C8FA00F03406 /* D3StatsViewController.h */,
				943A124015E1C8FA00F03406 /* D3StatsViewController.m */,
				944C194F15DE8D3200B57C52 /* D3ViewController.h */,
				944C195015DE8D3200B57C52 /* D3ViewController.m */,
			);
			name = ViewControllers;
			sourceTree = "<group>";
		};
		94EF72DF15DBD57D008161FE /* Abstract */ = {
			isa = PBXGroup;
			children = (
				945E333515DBDFBF00F41270 /* D3Artisan.h */,
				945E333615DBDFBF00F41270 /* D3Artisan.m */,
				945E333715DBDFBF00F41270 /* D3Career.h */,
				945E333815DBDFBF00F41270 /* D3Career.m */,
				945E333915DBDFBF00F41270 /* D3Follower.h */,
				945E333A15DBDFBF00F41270 /* D3Follower.m */,
				945E333B15DBDFBF00F41270 /* D3Hero.h */,
				945E333C15DBDFBF00F41270 /* D3Hero.m */,
				945E333D15DBDFBF00F41270 /* D3Item.h */,
				945E333E15DBDFBF00F41270 /* D3Item.m */,
				945E333F15DBDFBF00F41270 /* D3Rune.h */,
				945E334015DBDFBF00F41270 /* D3Rune.m */,
				945E334115DBDFBF00F41270 /* D3Skill.h */,
				945E334215DBDFBF00F41270 /* D3Skill.m */,
				944C195215DE999C00B57C52 /* D3Object.h */,
				944C195315DE999C00B57C52 /* D3Object.m */,
			);
			name = Abstract;
			sourceTree = "<group>";
		};
		94EF72F915DBD59A008161FE /* Application */ = {
			isa = PBXGroup;
			children = (
				94EF732415DBD920008161FE /* AppDelegate.h */,
				94EF732515DBD920008161FE /* AppDelegate.m */,
			);
			name = Application;
			sourceTree = "<group>";
		};
		94EF72FA15DBD5AA008161FE /* Categories */ = {
			isa = PBXGroup;
			children = (
				94AB662F15DD4E8500E285EA /* UIApplication+AppDimensions.h */,
				94AB663015DD4E8500E285EA /* UIApplication+AppDimensions.m */,
				9447C1C315E03D970084BE3F /* UILabel+AutoSize.h */,
				9447C1C415E03D970084BE3F /* UILabel+AutoSize.m */,
			);
			name = Categories;
			sourceTree = "<group>";
		};
		94EF72FB15DBD5B4008161FE /* Misc */ = {
			isa = PBXGroup;
			children = (
				9444D3C515DBED120098CFE6 /* D3HTTPClient.h */,
				9444D3C615DBED120098CFE6 /* D3HTTPClient.m */,
				9447C1C015E03CD50084BE3F /* D3Theme.h */,
				9447C1C115E03CD50084BE3F /* D3Theme.m */,
			);
			name = Misc;
			sourceTree = "<group>";
		};
		94EF72FC15DBD5C3008161FE /* Resources */ = {
			isa = PBXGroup;
			children = (
				866431FA15E450D800F53138 /* Graphics */,
				9447C1B615E03C600084BE3F /* Fonts */,
				94EF734C15DBD99A008161FE /* InfoPlist.strings */,
				94EF735515DBDA04008161FE /* Profiles for Diablo 3-Info.plist */,
			);
			name = Resources;
			sourceTree = "<group>";
		};
		94EF72FD15DBD5CE008161FE /* Vendor */ = {
			isa = PBXGroup;
			children = (
				94ECD47615DC0A4E008A8BEB /* PSStackedView */,
				94EF732815DBD954008161FE /* AFNetworking */,
			);
			name = Vendor;
			sourceTree = "<group>";
		};
		94EF72FE15DBD5D7008161FE /* Other Sources */ = {
			isa = PBXGroup;
			children = (
				94EF735115DBD9AE008161FE /* D3Defines.h */,
				94EF735215DBD9AE008161FE /* D3Defines.m */,
				94EF734F15DBD9A5008161FE /* main.m */,
				94EF735715DBDA08008161FE /* Profiles for Diablo 3-Prefix.pch */,
			);
			name = "Other Sources";
			sourceTree = "<group>";
		};
		94EF732815DBD954008161FE /* AFNetworking */ = {
			isa = PBXGroup;
			children = (
				94EF732915DBD954008161FE /* AFHTTPClient.h */,
				94EF732A15DBD954008161FE /* AFHTTPClient.m */,
				94EF732B15DBD954008161FE /* AFHTTPRequestOperation.h */,
				94EF732C15DBD954008161FE /* AFHTTPRequestOperation.m */,
				94EF732D15DBD954008161FE /* AFImageRequestOperation.h */,
				94EF732E15DBD954008161FE /* AFImageRequestOperation.m */,
				94EF732F15DBD954008161FE /* AFJSONRequestOperation.h */,
				94EF733015DBD954008161FE /* AFJSONRequestOperation.m */,
				94EF733115DBD954008161FE /* AFJSONUtilities.h */,
				94EF733215DBD954008161FE /* AFJSONUtilities.m */,
				94EF733315DBD954008161FE /* AFNetworkActivityIndicatorManager.h */,
				94EF733415DBD954008161FE /* AFNetworkActivityIndicatorManager.m */,
				94EF733515DBD954008161FE /* AFNetworking.h */,
				94EF733615DBD954008161FE /* AFPropertyListRequestOperation.h */,
				94EF733715DBD954008161FE /* AFPropertyListRequestOperation.m */,
				94EF733815DBD954008161FE /* AFURLConnectionOperation.h */,
				94EF733915DBD954008161FE /* AFURLConnectionOperation.m */,
				94EF733A15DBD954008161FE /* AFXMLRequestOperation.h */,
				94EF733B15DBD954008161FE /* AFXMLRequestOperation.m */,
				94EF733C15DBD954008161FE /* UIImageView+AFNetworking.h */,
				94EF733D15DBD954008161FE /* UIImageView+AFNetworking.m */,
			);
			name = AFNetworking;
			path = "Profiles for Diablo 3/Vendor/AFNetworking";
			sourceTree = "<group>";
		};
/* End PBXGroup section */

/* Begin PBXNativeTarget section */
		9444D3F515DBF5D90098CFE6 /* Profiles-Tests */ = {
			isa = PBXNativeTarget;
			buildConfigurationList = 9444D40515DBF5D90098CFE6 /* Build configuration list for PBXNativeTarget "Profiles-Tests" */;
			buildPhases = (
				9444D3F115DBF5D90098CFE6 /* Sources */,
				9444D3F215DBF5D90098CFE6 /* Frameworks */,
				9444D3F315DBF5D90098CFE6 /* Resources */,
				9444D3F415DBF5D90098CFE6 /* ShellScript */,
			);
			buildRules = (
			);
			dependencies = (
				9444D40915DBF6150098CFE6 /* PBXTargetDependency */,
			);
			name = "Profiles-Tests";
			productName = "Profiles-Tests";
			productReference = 9444D3F615DBF5D90098CFE6 /* Profiles-Tests.octest */;
			productType = "com.apple.product-type.bundle";
		};
		94EF72BF15DBD556008161FE /* D3 Profiles */ = {
			isa = PBXNativeTarget;
			buildConfigurationList = 94EF72D815DBD556008161FE /* Build configuration list for PBXNativeTarget "D3 Profiles" */;
			buildPhases = (
				94EF72BC15DBD556008161FE /* Sources */,
				94EF72BD15DBD556008161FE /* Frameworks */,
				94EF72BE15DBD556008161FE /* Resources */,
			);
			buildRules = (
			);
			dependencies = (
			);
			name = "D3 Profiles";
			productName = "Profiles for Diablo 3";
			productReference = 94EF72C015DBD556008161FE /* D3 Profiles.app */;
			productType = "com.apple.product-type.application";
		};
/* End PBXNativeTarget section */

/* Begin PBXProject section */
		94EF72B715DBD556008161FE /* Project object */ = {
			isa = PBXProject;
			attributes = {
				CLASSPREFIX = D3;
				LastUpgradeCheck = 0440;
				ORGANIZATIONNAME = "Ryan Nystrom";
			};
			buildConfigurationList = 94EF72BA15DBD556008161FE /* Build configuration list for PBXProject "Profiles for Diablo 3" */;
			compatibilityVersion = "Xcode 3.2";
			developmentRegion = English;
			hasScannedForEncodings = 0;
			knownRegions = (
				en,
			);
			mainGroup = 94EF72B515DBD556008161FE;
			productRefGroup = 94EF72C115DBD556008161FE /* Products */;
			projectDirPath = "";
			projectRoot = "";
			targets = (
				94EF72BF15DBD556008161FE /* D3 Profiles */,
				9444D3F515DBF5D90098CFE6 /* Profiles-Tests */,
			);
		};
/* End PBXProject section */

/* Begin PBXResourcesBuildPhase section */
		9444D3F315DBF5D90098CFE6 /* Resources */ = {
			isa = PBXResourcesBuildPhase;
			buildActionMask = 2147483647;
			files = (
				9444D40015DBF5D90098CFE6 /* InfoPlist.strings in Resources */,
			);
			runOnlyForDeploymentPostprocessing = 0;
		};
		94EF72BE15DBD556008161FE /* Resources */ = {
			isa = PBXResourcesBuildPhase;
			buildActionMask = 2147483647;
			files = (
				94EF734E15DBD99A008161FE /* InfoPlist.strings in Resources */,
				9447C1B915E03C600084BE3F /* Exocet.ttf in Resources */,
				9447C1BA15E03C600084BE3F /* ExocetBold.ttf in Resources */,
				8664321415E450D800F53138 /* burn.png in Resources */,
				8664321515E450D800F53138 /* burn@2x.png in Resources */,
				8664321615E450D800F53138 /* barbarian-selected.png in Resources */,
				8664321715E450D800F53138 /* barbarian-selected@2x.png in Resources */,
				8664321815E450D800F53138 /* barbarian.png in Resources */,
				8664321915E450D800F53138 /* barbarian@2x.png in Resources */,
				8664321A15E450D800F53138 /* demon-hunter-selected.png in Resources */,
				8664321B15E450D800F53138 /* demon-hunter-selected@2x.png in Resources */,
				8664321C15E450D800F53138 /* demon-hunter.png in Resources */,
				8664321D15E450D800F53138 /* demon-hunter@2x.png in Resources */,
				8664321E15E450D800F53138 /* monk-selected.png in Resources */,
				8664321F15E450D800F53138 /* monk-selected@2x.png in Resources */,
				8664322015E450D800F53138 /* monk.png in Resources */,
				8664322115E450D800F53138 /* monk@2x.png in Resources */,
				8664322215E450D800F53138 /* witch-doctor-selected.png in Resources */,
				8664322315E450D800F53138 /* witch-doctor-selected@2x.png in Resources */,
				8664322415E450D800F53138 /* witch-doctor.png in Resources */,
				8664322515E450D800F53138 /* witch-doctor@2x.png in Resources */,
				8664322615E450D800F53138 /* wizard-selected.png in Resources */,
				8664322715E450D800F53138 /* wizard-selected@2x.png in Resources */,
				8664322815E450D800F53138 /* wizard.png in Resources */,
				8664322915E450D800F53138 /* wizard@2x.png in Resources */,
				8664322A15E450D800F53138 /* rune.png in Resources */,
				8664322B15E450D800F53138 /* rune@2x.png in Resources */,
				86A2269215E462F900971A53 /* texture.png in Resources */,
				86A2269315E462F900971A53 /* texture@2x.png in Resources */,
				86A226A015E48FC900971A53 /* off.png in Resources */,
				86A226A115E48FC900971A53 /* off@2x.png in Resources */,
				86A226A415E492F100971A53 /* block-shadow.png in Resources */,
				86A226A515E492F100971A53 /* block-shadow@2x.png in Resources */,
			);
			runOnlyForDeploymentPostprocessing = 0;
		};
/* End PBXResourcesBuildPhase section */

/* Begin PBXShellScriptBuildPhase section */
		9444D3F415DBF5D90098CFE6 /* ShellScript */ = {
			isa = PBXShellScriptBuildPhase;
			buildActionMask = 2147483647;
			files = (
			);
			inputPaths = (
			);
			outputPaths = (
			);
			runOnlyForDeploymentPostprocessing = 0;
			shellPath = /bin/sh;
			shellScript = "# Run the unit tests in this test bundle.\n\"${SYSTEM_DEVELOPER_DIR}/Tools/RunUnitTests\"\n";
		};
/* End PBXShellScriptBuildPhase section */

/* Begin PBXSourcesBuildPhase section */
		9444D3F115DBF5D90098CFE6 /* Sources */ = {
			isa = PBXSourcesBuildPhase;
			buildActionMask = 2147483647;
			files = (
				9444D40315DBF5D90098CFE6 /* Profiles_Tests.m in Sources */,
				94ECD44615DC0300008A8BEB /* TestSemaphor.m in Sources */,
			);
			runOnlyForDeploymentPostprocessing = 0;
		};
		94EF72BC15DBD556008161FE /* Sources */ = {
			isa = PBXSourcesBuildPhase;
			buildActionMask = 2147483647;
			files = (
				94EF733E15DBD954008161FE /* AFHTTPClient.m in Sources */,
				94EF733F15DBD954008161FE /* AFHTTPRequestOperation.m in Sources */,
				94EF734015DBD954008161FE /* AFImageRequestOperation.m in Sources */,
				94EF734115DBD954008161FE /* AFJSONRequestOperation.m in Sources */,
				94EF734215DBD954008161FE /* AFJSONUtilities.m in Sources */,
				94EF734315DBD954008161FE /* AFNetworkActivityIndicatorManager.m in Sources */,
				94EF734415DBD954008161FE /* AFPropertyListRequestOperation.m in Sources */,
				94EF734515DBD954008161FE /* AFURLConnectionOperation.m in Sources */,
				94EF734615DBD954008161FE /* AFXMLRequestOperation.m in Sources */,
				94EF734715DBD954008161FE /* UIImageView+AFNetworking.m in Sources */,
				94EF735815DBDA61008161FE /* AppDelegate.m in Sources */,
				94EF735915DBDA63008161FE /* D3Defines.m in Sources */,
				94EF735A15DBDA6F008161FE /* main.m in Sources */,
				945E334315DBDFE500F41270 /* D3Artisan.m in Sources */,
				945E334415DBDFE500F41270 /* D3Career.m in Sources */,
				945E334515DBDFE500F41270 /* D3Follower.m in Sources */,
				945E334615DBDFE500F41270 /* D3Hero.m in Sources */,
				945E334715DBDFE500F41270 /* D3Item.m in Sources */,
				945E334815DBDFE500F41270 /* D3Rune.m in Sources */,
				945E334915DBDFE500F41270 /* D3Skill.m in Sources */,
				9444D3E415DBF3F40098CFE6 /* D3HTTPClient.m in Sources */,
				94ECD48515DC0A4E008A8BEB /* PSStackedViewController.m in Sources */,
				94ECD48615DC0A4E008A8BEB /* PSStackedViewGlobal.m in Sources */,
				94ECD48715DC0A4E008A8BEB /* PSStackedViewSegue.m in Sources */,
				94ECD48815DC0A4E008A8BEB /* PSSVContainerView.m in Sources */,
				94ECD48915DC0A4E008A8BEB /* UIView+PSSizes.m in Sources */,
				94ECD48A15DC0A4E008A8BEB /* UIViewController+PSStackedView.m in Sources */,
				94ECD49115DC0B25008A8BEB /* D3HeroMenuControllerViewController.m in Sources */,
				94ECD49515DC1B1E008A8BEB /* D3AccountView.m in Sources */,
				944F2C1915DC3AE400D5C08A /* D3RuneEmitterView.m in Sources */,
				944F2C2815DC3E8D00D5C08A /* D3HeroCell.m in Sources */,
				9483F35B15DC90390065E2C1 /* D3HeroViewController.m in Sources */,
				9483F36215DC9A050065E2C1 /* D3ItemButton.m in Sources */,
				94AB663115DD4E8500E285EA /* UIApplication+AppDimensions.m in Sources */,
				944C194A15DDD93400B57C52 /* D3ItemViewController.m in Sources */,
				944C195115DE8D3200B57C52 /* D3ViewController.m in Sources */,
				944C195415DE999C00B57C52 /* D3Object.m in Sources */,
				9447C1C215E03CD50084BE3F /* D3Theme.m in Sources */,
				9447C1C515E03D970084BE3F /* UILabel+AutoSize.m in Sources */,
				9447C1C815E0787C0084BE3F /* D3CardViewController.m in Sources */,
				9447C1CB15E07E5B0084BE3F /* D3SkillsViewController.m in Sources */,
				9447C1D215E0803C0084BE3F /* D3SkillButton.m in Sources */,
				943A123915E1B13400F03406 /* D3SkillDetailViewController.m in Sources */,
				943A124115E1C8FA00F03406 /* D3StatsViewController.m in Sources */,
				86A2269A15E4666300971A53 /* D3TexturedView.m in Sources */,
				8675D70515E520520006B42F /* D3LogoutCell.m in Sources */,
			);
			runOnlyForDeploymentPostprocessing = 0;
		};
/* End PBXSourcesBuildPhase section */

/* Begin PBXTargetDependency section */
		9444D40915DBF6150098CFE6 /* PBXTargetDependency */ = {
			isa = PBXTargetDependency;
			target = 94EF72BF15DBD556008161FE /* D3 Profiles */;
			targetProxy = 9444D40815DBF6150098CFE6 /* PBXContainerItemProxy */;
		};
/* End PBXTargetDependency section */

/* Begin PBXVariantGroup section */
		9444D3FE15DBF5D90098CFE6 /* InfoPlist.strings */ = {
			isa = PBXVariantGroup;
			children = (
				9444D3FF15DBF5D90098CFE6 /* en */,
			);
			name = InfoPlist.strings;
			sourceTree = "<group>";
		};
		94EF734C15DBD99A008161FE /* InfoPlist.strings */ = {
			isa = PBXVariantGroup;
			children = (
				94EF734D15DBD99A008161FE /* en */,
			);
			name = InfoPlist.strings;
			sourceTree = "<group>";
		};
/* End PBXVariantGroup section */

/* Begin XCBuildConfiguration section */
		9444D40615DBF5D90098CFE6 /* Debug */ = {
			isa = XCBuildConfiguration;
			buildSettings = {
				BUNDLE_LOADER = "$(BUILT_PRODUCTS_DIR)/Profiles for Diablo 3.app/Profiles for Diablo 3";
				CLANG_CXX_LIBRARY = "libc++";
				FRAMEWORK_SEARCH_PATHS = (
					"\"$(SDKROOT)/Developer/Library/Frameworks\"",
					"\"$(DEVELOPER_LIBRARY_DIR)/Frameworks\"",
				);
				GCC_PRECOMPILE_PREFIX_HEADER = YES;
				GCC_PREFIX_HEADER = "Profiles-Tests/Profiles-Tests-Prefix.pch";
				INFOPLIST_FILE = "Profiles-Tests/Profiles-Tests-Info.plist";
				IPHONEOS_DEPLOYMENT_TARGET = 6.0;
				PRODUCT_NAME = "$(TARGET_NAME)";
				TEST_HOST = "$(BUNDLE_LOADER)";
				WRAPPER_EXTENSION = octest;
			};
			name = Debug;
		};
		9444D40715DBF5D90098CFE6 /* Release */ = {
			isa = XCBuildConfiguration;
			buildSettings = {
				BUNDLE_LOADER = "$(BUILT_PRODUCTS_DIR)/Profiles for Diablo 3.app/Profiles for Diablo 3";
				CLANG_CXX_LIBRARY = "libc++";
				FRAMEWORK_SEARCH_PATHS = (
					"\"$(SDKROOT)/Developer/Library/Frameworks\"",
					"\"$(DEVELOPER_LIBRARY_DIR)/Frameworks\"",
				);
				GCC_PRECOMPILE_PREFIX_HEADER = YES;
				GCC_PREFIX_HEADER = "Profiles-Tests/Profiles-Tests-Prefix.pch";
				INFOPLIST_FILE = "Profiles-Tests/Profiles-Tests-Info.plist";
				IPHONEOS_DEPLOYMENT_TARGET = 6.0;
				PRODUCT_NAME = "$(TARGET_NAME)";
				TEST_HOST = "$(BUNDLE_LOADER)";
				WRAPPER_EXTENSION = octest;
			};
			name = Release;
		};
		94EF72D615DBD556008161FE /* Debug */ = {
			isa = XCBuildConfiguration;
			buildSettings = {
				ALWAYS_SEARCH_USER_PATHS = NO;
				ARCHS = "$(ARCHS_STANDARD_32_BIT)";
				CLANG_CXX_LANGUAGE_STANDARD = "gnu++0x";
				CLANG_ENABLE_OBJC_ARC = YES;
				CLANG_WARN__DUPLICATE_METHOD_MATCH = YES;
				"CODE_SIGN_IDENTITY[sdk=iphoneos*]" = "iPhone Developer";
				COPY_PHASE_STRIP = NO;
				GCC_C_LANGUAGE_STANDARD = gnu99;
				GCC_DYNAMIC_NO_PIC = NO;
				GCC_OPTIMIZATION_LEVEL = 0;
				GCC_PREPROCESSOR_DEFINITIONS = (
					"DEBUG=1",
					"$(inherited)",
				);
				GCC_SYMBOLS_PRIVATE_EXTERN = NO;
				GCC_VERSION = com.apple.compilers.llvm.clang.1_0;
				GCC_WARN_ABOUT_RETURN_TYPE = YES;
				GCC_WARN_UNINITIALIZED_AUTOS = YES;
				GCC_WARN_UNUSED_VARIABLE = YES;
				IPHONEOS_DEPLOYMENT_TARGET = 5.1;
				SDKROOT = iphoneos;
			};
			name = Debug;
		};
		94EF72D715DBD556008161FE /* Release */ = {
			isa = XCBuildConfiguration;
			buildSettings = {
				ALWAYS_SEARCH_USER_PATHS = NO;
				ARCHS = "$(ARCHS_STANDARD_32_BIT)";
				CLANG_CXX_LANGUAGE_STANDARD = "gnu++0x";
				CLANG_ENABLE_OBJC_ARC = YES;
				CLANG_WARN__DUPLICATE_METHOD_MATCH = YES;
				"CODE_SIGN_IDENTITY[sdk=iphoneos*]" = "iPhone Developer";
				COPY_PHASE_STRIP = YES;
				GCC_C_LANGUAGE_STANDARD = gnu99;
				GCC_VERSION = com.apple.compilers.llvm.clang.1_0;
				GCC_WARN_ABOUT_RETURN_TYPE = YES;
				GCC_WARN_UNINITIALIZED_AUTOS = YES;
				GCC_WARN_UNUSED_VARIABLE = YES;
				IPHONEOS_DEPLOYMENT_TARGET = 5.1;
				OTHER_CFLAGS = "-DNS_BLOCK_ASSERTIONS=1";
				SDKROOT = iphoneos;
				VALIDATE_PRODUCT = YES;
			};
			name = Release;
		};
		94EF72D915DBD556008161FE /* Debug */ = {
			isa = XCBuildConfiguration;
			buildSettings = {
				CODE_SIGN_IDENTITY = "iPhone Developer";
				"CODE_SIGN_IDENTITY[sdk=iphoneos*]" = "iPhone Developer";
				GCC_PRECOMPILE_PREFIX_HEADER = YES;
				GCC_PREFIX_HEADER = "Profiles for Diablo 3/Profiles for Diablo 3-Prefix.pch";
				GCC_SYMBOLS_PRIVATE_EXTERN = NO;
				INFOPLIST_FILE = "Profiles for Diablo 3/Profiles for Diablo 3-Info.plist";
				IPHONEOS_DEPLOYMENT_TARGET = 5.1;
				PRODUCT_NAME = "$(TARGET_NAME)";
				PROVISIONING_PROFILE = "";
				"PROVISIONING_PROFILE[sdk=iphoneos*]" = "";
				TARGETED_DEVICE_FAMILY = 2;
				WRAPPER_EXTENSION = app;
			};
			name = Debug;
		};
		94EF72DA15DBD556008161FE /* Release */ = {
			isa = XCBuildConfiguration;
			buildSettings = {
				CODE_SIGN_IDENTITY = "iPhone Distribution";
				"CODE_SIGN_IDENTITY[sdk=iphoneos*]" = "iPhone Distribution";
				GCC_PRECOMPILE_PREFIX_HEADER = YES;
				GCC_PREFIX_HEADER = "Profiles for Diablo 3/Profiles for Diablo 3-Prefix.pch";
				GCC_SYMBOLS_PRIVATE_EXTERN = NO;
				INFOPLIST_FILE = "Profiles for Diablo 3/Profiles for Diablo 3-Info.plist";
				IPHONEOS_DEPLOYMENT_TARGET = 5.1;
				PRODUCT_NAME = "$(TARGET_NAME)";
				PROVISIONING_PROFILE = "";
				"PROVISIONING_PROFILE[sdk=iphoneos*]" = "";
				TARGETED_DEVICE_FAMILY = 2;
				WRAPPER_EXTENSION = app;
			};
			name = Release;
		};
/* End XCBuildConfiguration section */

/* Begin XCConfigurationList section */
		9444D40515DBF5D90098CFE6 /* Build configuration list for PBXNativeTarget "Profiles-Tests" */ = {
			isa = XCConfigurationList;
			buildConfigurations = (
				9444D40615DBF5D90098CFE6 /* Debug */,
				9444D40715DBF5D90098CFE6 /* Release */,
			);
			defaultConfigurationIsVisible = 0;
			defaultConfigurationName = Release;
		};
		94EF72BA15DBD556008161FE /* Build configuration list for PBXProject "Profiles for Diablo 3" */ = {
			isa = XCConfigurationList;
			buildConfigurations = (
				94EF72D615DBD556008161FE /* Debug */,
				94EF72D715DBD556008161FE /* Release */,
			);
			defaultConfigurationIsVisible = 0;
			defaultConfigurationName = Release;
		};
		94EF72D815DBD556008161FE /* Build configuration list for PBXNativeTarget "D3 Profiles" */ = {
			isa = XCConfigurationList;
			buildConfigurations = (
				94EF72D915DBD556008161FE /* Debug */,
				94EF72DA15DBD556008161FE /* Release */,
			);
			defaultConfigurationIsVisible = 0;
			defaultConfigurationName = Release;
		};
/* End XCConfigurationList section */
	};
	rootObject = 94EF72B715DBD556008161FE /* Project object */;
}
